
Microsoft Visual Studio Solution File, Format Version 12.00
# Visual Studio Version 17
VisualStudioVersion = 17.5.002.0
MinimumVisualStudioVersion = 10.0.40219.1
Project("{9A19103F-16F7-4668-BE54-9A1E7A4F7556}") = "MusicStore", "MusicStore.csproj", "{266F0693-5BB7-4F00-8C39-54CC69578716}"
EndProject
Global
	GlobalSection(SolutionConfigurationPlatforms) = preSolution
		Debug|Any CPU = Debug|Any CPU
		Release|Any CPU = Release|Any CPU
	EndGlobalSection
	GlobalSection(ProjectConfigurationPlatforms) = postSolution
		{266F0693-5BB7-4F00-8C39-54CC69578716}.Debug|Any CPU.ActiveCfg = Debug|Any CPU
		{266F0693-5BB7-4F00-8C39-54CC69578716}.Debug|Any CPU.Build.0 = Debug|Any CPU
		{266F0693-5BB7-4F00-8C39-54CC69578716}.Release|Any CPU.ActiveCfg = Release|Any CPU
		{266F0693-5BB7-4F00-8C39-54CC69578716}.Release|Any CPU.Build.0 = Release|Any CPU
	EndGlobalSection
	GlobalSection(SolutionProperties) = preSolution
		HideSolutionNode = FALSE
	EndGlobalSection
	GlobalSection(ExtensibilityGlobals) = postSolution
		SolutionGuid = {1745D174-AEBB-4390-B1F1-CB5E93A21611}
	EndGlobalSection
EndGlobal
